
Microsoft Visual Studio Solution File, Format Version 12.00
# Visual Studio 15
VisualStudioVersion = 15.0.26730.10
MinimumVisualStudioVersion = 10.0.40219.1

Project("{D954291E-2A0B-460D-934E-DC6B0785DB48}") = "Controls", "Controls\Controls\Controls.shproj", "{EFBD549C-76AE-40D2-89ED-C9FD1CE5E739}"
EndProject


Project("{FAE04EC0-301F-11D3-BF4B-00C04F79EFBC}") = "Controls.iOS", "Controls\Controls.iOS\Controls.iOS.csproj", "{BF8C5336-A3DD-40B3-B407-FC350672009E}"
EndProject


Project("{FAE04EC0-301F-11D3-BF4B-00C04F79EFBC}") = "Controls.Android", "Controls\Controls.Android\Controls.Android.csproj", "{9E4278D4-65FD-4807-817C-2863B96B871C}"
EndProject

Project("{FAE04EC0-301F-11D3-BF4B-00C04F79EFBC}") = "Controls.UWP", "Controls\Controls.UWP\Controls.UWP.csproj", "{8A7ABE43-3EA3-40B1-8610-81E820B3FDDA}"
EndProject

Global
	GlobalSection(SolutionConfigurationPlatforms) = preSolution
		Ad-Hoc|Any CPU = Ad-Hoc|Any CPU
		Ad-Hoc|ARM = Ad-Hoc|ARM
		Ad-Hoc|iPhone = Ad-Hoc|iPhone
		Ad-Hoc|iPhoneSimulator = Ad-Hoc|iPhoneSimulator
		Ad-Hoc|x64 = Ad-Hoc|x64
		Ad-Hoc|x86 = Ad-Hoc|x86
		AppStore|Any CPU = AppStore|Any CPU
		AppStore|ARM = AppStore|ARM
		AppStore|iPhone = AppStore|iPhone
		AppStore|iPhoneSimulator = AppStore|iPhoneSimulator
		AppStore|x64 = AppStore|x64
		AppStore|x86 = AppStore|x86
		Debug|Any CPU = Debug|Any CPU
		Debug|ARM = Debug|ARM
		Debug|iPhone = Debug|iPhone
		Debug|iPhoneSimulator = Debug|iPhoneSimulator
		Debug|x64 = Debug|x64
		Debug|x86 = Debug|x86
		Release|Any CPU = Release|Any CPU
		Release|ARM = Release|ARM
		Release|iPhone = Release|iPhone
		Release|iPhoneSimulator = Release|iPhoneSimulator
		Release|x64 = Release|x64
		Release|x86 = Release|x86
	EndGlobalSection
	GlobalSection(ProjectConfigurationPlatforms) = postSolution
		{E339A405-16EB-48D3-820C-338F5AB3008F}.Ad-Hoc|Any CPU.ActiveCfg = Debug|Any CPU
		{E339A405-16EB-48D3-820C-338F5AB3008F}.Ad-Hoc|Any CPU.Build.0 = Debug|Any CPU
		{E339A405-16EB-48D3-820C-338F5AB3008F}.Ad-Hoc|ARM.ActiveCfg = Debug|Any CPU
		{E339A405-16EB-48D3-820C-338F5AB3008F}.Ad-Hoc|ARM.Build.0 = Debug|Any CPU
		{E339A405-16EB-48D3-820C-338F5AB3008F}.Ad-Hoc|iPhone.ActiveCfg = Debug|Any CPU
		{E339A405-16EB-48D3-820C-338F5AB3008F}.Ad-Hoc|iPhone.Build.0 = Debug|Any CPU
		{E339A405-16EB-48D3-820C-338F5AB3008F}.Ad-Hoc|iPhoneSimulator.ActiveCfg = Debug|Any CPU
		{E339A405-16EB-48D3-820C-338F5AB3008F}.Ad-Hoc|iPhoneSimulator.Build.0 = Debug|Any CPU
		{E339A405-16EB-48D3-820C-338F5AB3008F}.Ad-Hoc|x64.ActiveCfg = Debug|Any CPU
		{E339A405-16EB-48D3-820C-338F5AB3008F}.Ad-Hoc|x64.Build.0 = Debug|Any CPU
		{E339A405-16EB-48D3-820C-338F5AB3008F}.Ad-Hoc|x86.ActiveCfg = Debug|Any CPU
		{E339A405-16EB-48D3-820C-338F5AB3008F}.Ad-Hoc|x86.Build.0 = Debug|Any CPU
		{E339A405-16EB-48D3-820C-338F5AB3008F}.AppStore|Any CPU.ActiveCfg = Debug|Any CPU
		{E339A405-16EB-48D3-820C-338F5AB3008F}.AppStore|Any CPU.Build.0 = Debug|Any CPU
		{E339A405-16EB-48D3-820C-338F5AB3008F}.AppStore|ARM.ActiveCfg = Debug|Any CPU
		{E339A405-16EB-48D3-820C-338F5AB3008F}.AppStore|ARM.Build.0 = Debug|Any CPU
		{E339A405-16EB-48D3-820C-338F5AB3008F}.AppStore|iPhone.ActiveCfg = Debug|Any CPU
		{E339A405-16EB-48D3-820C-338F5AB3008F}.AppStore|iPhone.Build.0 = Debug|Any CPU
		{E339A405-16EB-48D3-820C-338F5AB3008F}.AppStore|iPhoneSimulator.ActiveCfg = Debug|Any CPU
		{E339A405-16EB-48D3-820C-338F5AB3008F}.AppStore|iPhoneSimulator.Build.0 = Debug|Any CPU
		{E339A405-16EB-48D3-820C-338F5AB3008F}.AppStore|x64.ActiveCfg = Debug|Any CPU
		{E339A405-16EB-48D3-820C-338F5AB3008F}.AppStore|x64.Build.0 = Debug|Any CPU
		{E339A405-16EB-48D3-820C-338F5AB3008F}.AppStore|x86.ActiveCfg = Debug|Any CPU
		{E339A405-16EB-48D3-820C-338F5AB3008F}.AppStore|x86.Build.0 = Debug|Any CPU
		{E339A405-16EB-48D3-820C-338F5AB3008F}.Debug|Any CPU.ActiveCfg = Debug|Any CPU
		{E339A405-16EB-48D3-820C-338F5AB3008F}.Debug|Any CPU.Build.0 = Debug|Any CPU
		{E339A405-16EB-48D3-820C-338F5AB3008F}.Debug|ARM.ActiveCfg = Debug|Any CPU
		{E339A405-16EB-48D3-820C-338F5AB3008F}.Debug|ARM.Build.0 = Debug|Any CPU
		{E339A405-16EB-48D3-820C-338F5AB3008F}.Debug|iPhone.ActiveCfg = Debug|Any CPU
		{E339A405-16EB-48D3-820C-338F5AB3008F}.Debug|iPhone.Build.0 = Debug|Any CPU
		{E339A405-16EB-48D3-820C-338F5AB3008F}.Debug|iPhoneSimulator.ActiveCfg = Debug|Any CPU
		{E339A405-16EB-48D3-820C-338F5AB3008F}.Debug|iPhoneSimulator.Build.0 = Debug|Any CPU
		{E339A405-16EB-48D3-820C-338F5AB3008F}.Debug|x64.ActiveCfg = Debug|Any CPU
		{E339A405-16EB-48D3-820C-338F5AB3008F}.Debug|x64.Build.0 = Debug|Any CPU
		{E339A405-16EB-48D3-820C-338F5AB3008F}.Debug|x86.ActiveCfg = Debug|Any CPU
		{E339A405-16EB-48D3-820C-338F5AB3008F}.Debug|x86.Build.0 = Debug|Any CPU
		{E339A405-16EB-48D3-820C-338F5AB3008F}.Release|Any CPU.ActiveCfg = Release|Any CPU
		{E339A405-16EB-48D3-820C-338F5AB3008F}.Release|Any CPU.Build.0 = Release|Any CPU
		{E339A405-16EB-48D3-820C-338F5AB3008F}.Release|ARM.ActiveCfg = Release|Any CPU
		{E339A405-16EB-48D3-820C-338F5AB3008F}.Release|ARM.Build.0 = Release|Any CPU
		{E339A405-16EB-48D3-820C-338F5AB3008F}.Release|iPhone.ActiveCfg = Release|Any CPU
		{E339A405-16EB-48D3-820C-338F5AB3008F}.Release|iPhone.Build.0 = Release|Any CPU
		{E339A405-16EB-48D3-820C-338F5AB3008F}.Release|iPhoneSimulator.ActiveCfg = Release|Any CPU
		{E339A405-16EB-48D3-820C-338F5AB3008F}.Release|iPhoneSimulator.Build.0 = Release|Any CPU
		{E339A405-16EB-48D3-820C-338F5AB3008F}.Release|x64.ActiveCfg = Release|Any CPU
		{E339A405-16EB-48D3-820C-338F5AB3008F}.Release|x64.Build.0 = Release|Any CPU
		{E339A405-16EB-48D3-820C-338F5AB3008F}.Release|x86.ActiveCfg = Release|Any CPU
		{E339A405-16EB-48D3-820C-338F5AB3008F}.Release|x86.Build.0 = Release|Any CPU
		{BF8C5336-A3DD-40B3-B407-FC350672009E}.Ad-Hoc|Any CPU.ActiveCfg = Ad-Hoc|iPhone
		{BF8C5336-A3DD-40B3-B407-FC350672009E}.Ad-Hoc|ARM.ActiveCfg = Ad-Hoc|iPhone
		{BF8C5336-A3DD-40B3-B407-FC350672009E}.Ad-Hoc|iPhone.ActiveCfg = Ad-Hoc|iPhone
		{BF8C5336-A3DD-40B3-B407-FC350672009E}.Ad-Hoc|iPhone.Build.0 = Ad-Hoc|iPhone
		{BF8C5336-A3DD-40B3-B407-FC350672009E}.Ad-Hoc|iPhoneSimulator.ActiveCfg = Ad-Hoc|iPhoneSimulator
		{BF8C5336-A3DD-40B3-B407-FC350672009E}.Ad-Hoc|iPhoneSimulator.Build.0 = Ad-Hoc|iPhoneSimulator
		{BF8C5336-A3DD-40B3-B407-FC350672009E}.Ad-Hoc|x64.ActiveCfg = Ad-Hoc|iPhone
		{BF8C5336-A3DD-40B3-B407-FC350672009E}.Ad-Hoc|x86.ActiveCfg = Ad-Hoc|iPhone
		{BF8C5336-A3DD-40B3-B407-FC350672009E}.AppStore|Any CPU.ActiveCfg = AppStore|iPhone
		{BF8C5336-A3DD-40B3-B407-FC350672009E}.AppStore|ARM.ActiveCfg = AppStore|iPhone
		{BF8C5336-A3DD-40B3-B407-FC350672009E}.AppStore|iPhone.ActiveCfg = AppStore|iPhone
		{BF8C5336-A3DD-40B3-B407-FC350672009E}.AppStore|iPhone.Build.0 = AppStore|iPhone
		{BF8C5336-A3DD-40B3-B407-FC350672009E}.AppStore|iPhoneSimulator.ActiveCfg = AppStore|iPhoneSimulator
		{BF8C5336-A3DD-40B3-B407-FC350672009E}.AppStore|iPhoneSimulator.Build.0 = AppStore|iPhoneSimulator
		{BF8C5336-A3DD-40B3-B407-FC350672009E}.AppStore|x64.ActiveCfg = AppStore|iPhone
		{BF8C5336-A3DD-40B3-B407-FC350672009E}.AppStore|x86.ActiveCfg = AppStore|iPhone
		{BF8C5336-A3DD-40B3-B407-FC350672009E}.Debug|Any CPU.ActiveCfg = Debug|iPhone
		{BF8C5336-A3DD-40B3-B407-FC350672009E}.Debug|ARM.ActiveCfg = Debug|iPhone
		{BF8C5336-A3DD-40B3-B407-FC350672009E}.Debug|iPhone.ActiveCfg = Debug|iPhone
		{BF8C5336-A3DD-40B3-B407-FC350672009E}.Debug|iPhone.Build.0 = Debug|iPhone
		{BF8C5336-A3DD-40B3-B407-FC350672009E}.Debug|iPhoneSimulator.ActiveCfg = Debug|iPhoneSimulator
		{BF8C5336-A3DD-40B3-B407-FC350672009E}.Debug|iPhoneSimulator.Build.0 = Debug|iPhoneSimulator
		{BF8C5336-A3DD-40B3-B407-FC350672009E}.Debug|x64.ActiveCfg = Debug|iPhone
		{BF8C5336-A3DD-40B3-B407-FC350672009E}.Debug|x86.ActiveCfg = Debug|iPhone
		{BF8C5336-A3DD-40B3-B407-FC350672009E}.Release|Any CPU.ActiveCfg = Release|iPhone
		{BF8C5336-A3DD-40B3-B407-FC350672009E}.Release|ARM.ActiveCfg = Release|iPhone
		{BF8C5336-A3DD-40B3-B407-FC350672009E}.Release|iPhone.ActiveCfg = Release|iPhone
		{BF8C5336-A3DD-40B3-B407-FC350672009E}.Release|iPhone.Build.0 = Release|iPhone
		{BF8C5336-A3DD-40B3-B407-FC350672009E}.Release|iPhoneSimulator.ActiveCfg = Release|iPhoneSimulator
		{BF8C5336-A3DD-40B3-B407-FC350672009E}.Release|iPhoneSimulator.Build.0 = Release|iPhoneSimulator
		{BF8C5336-A3DD-40B3-B407-FC350672009E}.Release|x64.ActiveCfg = Release|iPhone
		{BF8C5336-A3DD-40B3-B407-FC350672009E}.Release|x86.ActiveCfg = Release|iPhone
		{8A7ABE43-3EA3-40B1-8610-81E820B3FDDA}.Ad-Hoc|Any CPU.ActiveCfg = Release|x86
		{8A7ABE43-3EA3-40B1-8610-81E820B3FDDA}.Ad-Hoc|Any CPU.Build.0 = Release|x86
		{8A7ABE43-3EA3-40B1-8610-81E820B3FDDA}.Ad-Hoc|Any CPU.Deploy.0 = Release|x86
		{8A7ABE43-3EA3-40B1-8610-81E820B3FDDA}.Ad-Hoc|ARM.ActiveCfg = Release|ARM
		{8A7ABE43-3EA3-40B1-8610-81E820B3FDDA}.Ad-Hoc|ARM.Build.0 = Release|ARM
		{8A7ABE43-3EA3-40B1-8610-81E820B3FDDA}.Ad-Hoc|ARM.Deploy.0 = Release|ARM
		{8A7ABE43-3EA3-40B1-8610-81E820B3FDDA}.Ad-Hoc|iPhone.ActiveCfg = Release|x86
		{8A7ABE43-3EA3-40B1-8610-81E820B3FDDA}.Ad-Hoc|iPhone.Build.0 = Release|x86
		{8A7ABE43-3EA3-40B1-8610-81E820B3FDDA}.Ad-Hoc|iPhone.Deploy.0 = Release|x86
		{8A7ABE43-3EA3-40B1-8610-81E820B3FDDA}.Ad-Hoc|iPhoneSimulator.ActiveCfg = Release|x86
		{8A7ABE43-3EA3-40B1-8610-81E820B3FDDA}.Ad-Hoc|iPhoneSimulator.Build.0 = Release|x86
		{8A7ABE43-3EA3-40B1-8610-81E820B3FDDA}.Ad-Hoc|iPhoneSimulator.Deploy.0 = Release|x86
		{8A7ABE43-3EA3-40B1-8610-81E820B3FDDA}.Ad-Hoc|x64.ActiveCfg = Release|x64
		{8A7ABE43-3EA3-40B1-8610-81E820B3FDDA}.Ad-Hoc|x64.Build.0 = Release|x64
		{8A7ABE43-3EA3-40B1-8610-81E820B3FDDA}.Ad-Hoc|x64.Deploy.0 = Release|x64
		{8A7ABE43-3EA3-40B1-8610-81E820B3FDDA}.Ad-Hoc|x86.ActiveCfg = Release|x86
		{8A7ABE43-3EA3-40B1-8610-81E820B3FDDA}.Ad-Hoc|x86.Build.0 = Release|x86
		{8A7ABE43-3EA3-40B1-8610-81E820B3FDDA}.Ad-Hoc|x86.Deploy.0 = Release|x86
		{8A7ABE43-3EA3-40B1-8610-81E820B3FDDA}.AppStore|Any CPU.ActiveCfg = Release|x86
		{8A7ABE43-3EA3-40B1-8610-81E820B3FDDA}.AppStore|Any CPU.Build.0 = Release|x86
		{8A7ABE43-3EA3-40B1-8610-81E820B3FDDA}.AppStore|Any CPU.Deploy.0 = Release|x86
		{8A7ABE43-3EA3-40B1-8610-81E820B3FDDA}.AppStore|ARM.ActiveCfg = Release|ARM
		{8A7ABE43-3EA3-40B1-8610-81E820B3FDDA}.AppStore|ARM.Build.0 = Release|ARM
		{8A7ABE43-3EA3-40B1-8610-81E820B3FDDA}.AppStore|ARM.Deploy.0 = Release|ARM
		{8A7ABE43-3EA3-40B1-8610-81E820B3FDDA}.AppStore|iPhone.ActiveCfg = Release|x86
		{8A7ABE43-3EA3-40B1-8610-81E820B3FDDA}.AppStore|iPhone.Build.0 = Release|x86
		{8A7ABE43-3EA3-40B1-8610-81E820B3FDDA}.AppStore|iPhone.Deploy.0 = Release|x86
		{8A7ABE43-3EA3-40B1-8610-81E820B3FDDA}.AppStore|iPhoneSimulator.ActiveCfg = Release|x86
		{8A7ABE43-3EA3-40B1-8610-81E820B3FDDA}.AppStore|iPhoneSimulator.Build.0 = Release|x86
		{8A7ABE43-3EA3-40B1-8610-81E820B3FDDA}.AppStore|iPhoneSimulator.Deploy.0 = Release|x86
		{8A7ABE43-3EA3-40B1-8610-81E820B3FDDA}.AppStore|x64.ActiveCfg = Release|x64
		{8A7ABE43-3EA3-40B1-8610-81E820B3FDDA}.AppStore|x64.Build.0 = Release|x64
		{8A7ABE43-3EA3-40B1-8610-81E820B3FDDA}.AppStore|x64.Deploy.0 = Release|x64
		{8A7ABE43-3EA3-40B1-8610-81E820B3FDDA}.AppStore|x86.ActiveCfg = Release|x86
		{8A7ABE43-3EA3-40B1-8610-81E820B3FDDA}.AppStore|x86.Build.0 = Release|x86
		{8A7ABE43-3EA3-40B1-8610-81E820B3FDDA}.AppStore|x86.Deploy.0 = Release|x86
		{8A7ABE43-3EA3-40B1-8610-81E820B3FDDA}.Debug|Any CPU.ActiveCfg = Debug|x86
		{8A7ABE43-3EA3-40B1-8610-81E820B3FDDA}.Debug|ARM.ActiveCfg = Debug|ARM
		{8A7ABE43-3EA3-40B1-8610-81E820B3FDDA}.Debug|ARM.Build.0 = Debug|ARM
		{8A7ABE43-3EA3-40B1-8610-81E820B3FDDA}.Debug|ARM.Deploy.0 = Debug|ARM
		{8A7ABE43-3EA3-40B1-8610-81E820B3FDDA}.Debug|iPhone.ActiveCfg = Debug|x86
		{8A7ABE43-3EA3-40B1-8610-81E820B3FDDA}.Debug|iPhoneSimulator.ActiveCfg = Debug|x86
		{8A7ABE43-3EA3-40B1-8610-81E820B3FDDA}.Debug|x64.ActiveCfg = Debug|x64
		{8A7ABE43-3EA3-40B1-8610-81E820B3FDDA}.Debug|x64.Build.0 = Debug|x64
		{8A7ABE43-3EA3-40B1-8610-81E820B3FDDA}.Debug|x64.Deploy.0 = Debug|x64
		{8A7ABE43-3EA3-40B1-8610-81E820B3FDDA}.Debug|x86.ActiveCfg = Debug|x86
		{8A7ABE43-3EA3-40B1-8610-81E820B3FDDA}.Debug|x86.Build.0 = Debug|x86
		{8A7ABE43-3EA3-40B1-8610-81E820B3FDDA}.Debug|x86.Deploy.0 = Debug|x86
		{8A7ABE43-3EA3-40B1-8610-81E820B3FDDA}.Release|Any CPU.ActiveCfg = Release|x86
		{8A7ABE43-3EA3-40B1-8610-81E820B3FDDA}.Release|ARM.ActiveCfg = Release|ARM
		{8A7ABE43-3EA3-40B1-8610-81E820B3FDDA}.Release|ARM.Build.0 = Release|ARM
		{8A7ABE43-3EA3-40B1-8610-81E820B3FDDA}.Release|ARM.Deploy.0 = Release|ARM
		{8A7ABE43-3EA3-40B1-8610-81E820B3FDDA}.Release|iPhone.ActiveCfg = Release|x86
		{8A7ABE43-3EA3-40B1-8610-81E820B3FDDA}.Release|iPhoneSimulator.ActiveCfg = Release|x86
		{8A7ABE43-3EA3-40B1-8610-81E820B3FDDA}.Release|x64.ActiveCfg = Release|x64
		{8A7ABE43-3EA3-40B1-8610-81E820B3FDDA}.Release|x64.Build.0 = Release|x64
		{8A7ABE43-3EA3-40B1-8610-81E820B3FDDA}.Release|x64.Deploy.0 = Release|x64
		{8A7ABE43-3EA3-40B1-8610-81E820B3FDDA}.Release|x86.ActiveCfg = Release|x86
		{8A7ABE43-3EA3-40B1-8610-81E820B3FDDA}.Release|x86.Build.0 = Release|x86
		{8A7ABE43-3EA3-40B1-8610-81E820B3FDDA}.Release|x86.Deploy.0 = Release|x86
		{20FDA6ED-B68E-4610-807B-F358668F181E}.Ad-Hoc|Any CPU.ActiveCfg = Release|Any CPU
		{20FDA6ED-B68E-4610-807B-F358668F181E}.Ad-Hoc|Any CPU.Build.0 = Release|Any CPU
		{20FDA6ED-B68E-4610-807B-F358668F181E}.Ad-Hoc|Any CPU.Deploy.0 = Release|Any CPU
		{20FDA6ED-B68E-4610-807B-F358668F181E}.Ad-Hoc|ARM.ActiveCfg = Release|Any CPU
		{20FDA6ED-B68E-4610-807B-F358668F181E}.Ad-Hoc|ARM.Build.0 = Release|Any CPU
		{20FDA6ED-B68E-4610-807B-F358668F181E}.Ad-Hoc|ARM.Deploy.0 = Release|Any CPU
		{20FDA6ED-B68E-4610-807B-F358668F181E}.Ad-Hoc|iPhone.ActiveCfg = Release|Any CPU
		{20FDA6ED-B68E-4610-807B-F358668F181E}.Ad-Hoc|iPhone.Build.0 = Release|Any CPU
		{20FDA6ED-B68E-4610-807B-F358668F181E}.Ad-Hoc|iPhone.Deploy.0 = Release|Any CPU
		{20FDA6ED-B68E-4610-807B-F358668F181E}.Ad-Hoc|iPhoneSimulator.ActiveCfg = Release|Any CPU
		{20FDA6ED-B68E-4610-807B-F358668F181E}.Ad-Hoc|iPhoneSimulator.Build.0 = Release|Any CPU
		{20FDA6ED-B68E-4610-807B-F358668F181E}.Ad-Hoc|iPhoneSimulator.Deploy.0 = Release|Any CPU
		{20FDA6ED-B68E-4610-807B-F358668F181E}.Ad-Hoc|x64.ActiveCfg = Release|Any CPU
		{20FDA6ED-B68E-4610-807B-F358668F181E}.Ad-Hoc|x64.Build.0 = Release|Any CPU
		{20FDA6ED-B68E-4610-807B-F358668F181E}.Ad-Hoc|x64.Deploy.0 = Release|Any CPU
		{20FDA6ED-B68E-4610-807B-F358668F181E}.Ad-Hoc|x86.ActiveCfg = Release|Any CPU
		{20FDA6ED-B68E-4610-807B-F358668F181E}.Ad-Hoc|x86.Build.0 = Release|Any CPU
		{20FDA6ED-B68E-4610-807B-F358668F181E}.Ad-Hoc|x86.Deploy.0 = Release|Any CPU
		{20FDA6ED-B68E-4610-807B-F358668F181E}.AppStore|Any CPU.ActiveCfg = Release|Any CPU
		{20FDA6ED-B68E-4610-807B-F358668F181E}.AppStore|Any CPU.Build.0 = Release|Any CPU
		{20FDA6ED-B68E-4610-807B-F358668F181E}.AppStore|Any CPU.Deploy.0 = Release|Any CPU
		{20FDA6ED-B68E-4610-807B-F358668F181E}.AppStore|ARM.ActiveCfg = Release|Any CPU
		{20FDA6ED-B68E-4610-807B-F358668F181E}.AppStore|ARM.Build.0 = Release|Any CPU
		{20FDA6ED-B68E-4610-807B-F358668F181E}.AppStore|ARM.Deploy.0 = Release|Any CPU
		{20FDA6ED-B68E-4610-807B-F358668F181E}.AppStore|iPhone.ActiveCfg = Release|Any CPU
		{20FDA6ED-B68E-4610-807B-F358668F181E}.AppStore|iPhone.Build.0 = Release|Any CPU
		{20FDA6ED-B68E-4610-807B-F358668F181E}.AppStore|iPhone.Deploy.0 = Release|Any CPU
		{20FDA6ED-B68E-4610-807B-F358668F181E}.AppStore|iPhoneSimulator.ActiveCfg = Release|Any CPU
		{20FDA6ED-B68E-4610-807B-F358668F181E}.AppStore|iPhoneSimulator.Build.0 = Release|Any CPU
		{20FDA6ED-B68E-4610-807B-F358668F181E}.AppStore|iPhoneSimulator.Deploy.0 = Release|Any CPU
		{20FDA6ED-B68E-4610-807B-F358668F181E}.AppStore|x64.ActiveCfg = Release|Any CPU
		{20FDA6ED-B68E-4610-807B-F358668F181E}.AppStore|x64.Build.0 = Release|Any CPU
		{20FDA6ED-B68E-4610-807B-F358668F181E}.AppStore|x64.Deploy.0 = Release|Any CPU
		{20FDA6ED-B68E-4610-807B-F358668F181E}.AppStore|x86.ActiveCfg = Release|Any CPU
		{20FDA6ED-B68E-4610-807B-F358668F181E}.AppStore|x86.Build.0 = Release|Any CPU
		{20FDA6ED-B68E-4610-807B-F358668F181E}.AppStore|x86.Deploy.0 = Release|Any CPU
		{20FDA6ED-B68E-4610-807B-F358668F181E}.Debug|Any CPU.ActiveCfg = Debug|Any CPU
		{20FDA6ED-B68E-4610-807B-F358668F181E}.Debug|Any CPU.Build.0 = Debug|Any CPU
		{20FDA6ED-B68E-4610-807B-F358668F181E}.Debug|Any CPU.Deploy.0 = Debug|Any CPU
		{20FDA6ED-B68E-4610-807B-F358668F181E}.Debug|ARM.ActiveCfg = Debug|Any CPU
		{20FDA6ED-B68E-4610-807B-F358668F181E}.Debug|ARM.Build.0 = Debug|Any CPU
		{20FDA6ED-B68E-4610-807B-F358668F181E}.Debug|ARM.Deploy.0 = Debug|Any CPU
		{20FDA6ED-B68E-4610-807B-F358668F181E}.Debug|iPhone.ActiveCfg = Debug|Any CPU
		{20FDA6ED-B68E-4610-807B-F358668F181E}.Debug|iPhone.Build.0 = Debug|Any CPU
		{20FDA6ED-B68E-4610-807B-F358668F181E}.Debug|iPhone.Deploy.0 = Debug|Any CPU
		{20FDA6ED-B68E-4610-807B-F358668F181E}.Debug|iPhoneSimulator.ActiveCfg = Debug|Any CPU
		{20FDA6ED-B68E-4610-807B-F358668F181E}.Debug|iPhoneSimulator.Build.0 = Debug|Any CPU
		{20FDA6ED-B68E-4610-807B-F358668F181E}.Debug|iPhoneSimulator.Deploy.0 = Debug|Any CPU
		{20FDA6ED-B68E-4610-807B-F358668F181E}.Debug|x64.ActiveCfg = Debug|Any CPU
		{20FDA6ED-B68E-4610-807B-F358668F181E}.Debug|x64.Build.0 = Debug|Any CPU
		{20FDA6ED-B68E-4610-807B-F358668F181E}.Debug|x64.Deploy.0 = Debug|Any CPU
		{20FDA6ED-B68E-4610-807B-F358668F181E}.Debug|x86.ActiveCfg = Debug|Any CPU
		{20FDA6ED-B68E-4610-807B-F358668F181E}.Debug|x86.Build.0 = Debug|Any CPU
		{20FDA6ED-B68E-4610-807B-F358668F181E}.Debug|x86.Deploy.0 = Debug|Any CPU
		{20FDA6ED-B68E-4610-807B-F358668F181E}.Release|Any CPU.ActiveCfg = Release|Any CPU
		{20FDA6ED-B68E-4610-807B-F358668F181E}.Release|Any CPU.Build.0 = Release|Any CPU
		{20FDA6ED-B68E-4610-807B-F358668F181E}.Release|Any CPU.Deploy.0 = Release|Any CPU
		{20FDA6ED-B68E-4610-807B-F358668F181E}.Release|ARM.ActiveCfg = Release|Any CPU
		{20FDA6ED-B68E-4610-807B-F358668F181E}.Release|ARM.Build.0 = Release|Any CPU
		{20FDA6ED-B68E-4610-807B-F358668F181E}.Release|ARM.Deploy.0 = Release|Any CPU
		{20FDA6ED-B68E-4610-807B-F358668F181E}.Release|iPhone.ActiveCfg = Release|Any CPU
		{20FDA6ED-B68E-4610-807B-F358668F181E}.Release|iPhone.Build.0 = Release|Any CPU
		{20FDA6ED-B68E-4610-807B-F358668F181E}.Release|iPhone.Deploy.0 = Release|Any CPU
		{20FDA6ED-B68E-4610-807B-F358668F181E}.Release|iPhoneSimulator.ActiveCfg = Release|Any CPU
		{20FDA6ED-B68E-4610-807B-F358668F181E}.Release|iPhoneSimulator.Build.0 = Release|Any CPU
		{20FDA6ED-B68E-4610-807B-F358668F181E}.Release|iPhoneSimulator.Deploy.0 = Release|Any CPU
		{20FDA6ED-B68E-4610-807B-F358668F181E}.Release|x64.ActiveCfg = Release|Any CPU
		{20FDA6ED-B68E-4610-807B-F358668F181E}.Release|x64.Build.0 = Release|Any CPU
		{20FDA6ED-B68E-4610-807B-F358668F181E}.Release|x64.Deploy.0 = Release|Any CPU
		{20FDA6ED-B68E-4610-807B-F358668F181E}.Release|x86.ActiveCfg = Release|Any CPU
		{20FDA6ED-B68E-4610-807B-F358668F181E}.Release|x86.Build.0 = Release|Any CPU
		{20FDA6ED-B68E-4610-807B-F358668F181E}.Release|x86.Deploy.0 = Release|Any CPU
		{B445DF73-AC9E-4276-9FBA-7CB5AD5D2518}.Ad-Hoc|Any CPU.ActiveCfg = Release|Any CPU
		{B445DF73-AC9E-4276-9FBA-7CB5AD5D2518}.Ad-Hoc|Any CPU.Build.0 = Release|Any CPU
		{B445DF73-AC9E-4276-9FBA-7CB5AD5D2518}.Ad-Hoc|ARM.ActiveCfg = Release|Any CPU
		{B445DF73-AC9E-4276-9FBA-7CB5AD5D2518}.Ad-Hoc|ARM.Build.0 = Release|Any CPU
		{B445DF73-AC9E-4276-9FBA-7CB5AD5D2518}.Ad-Hoc|iPhone.ActiveCfg = Release|Any CPU
		{B445DF73-AC9E-4276-9FBA-7CB5AD5D2518}.Ad-Hoc|iPhone.Build.0 = Release|Any CPU
		{B445DF73-AC9E-4276-9FBA-7CB5AD5D2518}.Ad-Hoc|iPhoneSimulator.ActiveCfg = Release|Any CPU
		{B445DF73-AC9E-4276-9FBA-7CB5AD5D2518}.Ad-Hoc|iPhoneSimulator.Build.0 = Release|Any CPU
		{B445DF73-AC9E-4276-9FBA-7CB5AD5D2518}.Ad-Hoc|x64.ActiveCfg = Release|Any CPU
		{B445DF73-AC9E-4276-9FBA-7CB5AD5D2518}.Ad-Hoc|x64.Build.0 = Release|Any CPU
		{B445DF73-AC9E-4276-9FBA-7CB5AD5D2518}.Ad-Hoc|x86.ActiveCfg = Release|Any CPU
		{B445DF73-AC9E-4276-9FBA-7CB5AD5D2518}.Ad-Hoc|x86.Build.0 = Release|Any CPU
		{B445DF73-AC9E-4276-9FBA-7CB5AD5D2518}.AppStore|Any CPU.ActiveCfg = Release|Any CPU
		{B445DF73-AC9E-4276-9FBA-7CB5AD5D2518}.AppStore|Any CPU.Build.0 = Release|Any CPU
		{B445DF73-AC9E-4276-9FBA-7CB5AD5D2518}.AppStore|ARM.ActiveCfg = Release|Any CPU
		{B445DF73-AC9E-4276-9FBA-7CB5AD5D2518}.AppStore|ARM.Build.0 = Release|Any CPU
		{B445DF73-AC9E-4276-9FBA-7CB5AD5D2518}.AppStore|iPhone.ActiveCfg = Release|Any CPU
		{B445DF73-AC9E-4276-9FBA-7CB5AD5D2518}.AppStore|iPhone.Build.0 = Release|Any CPU
		{B445DF73-AC9E-4276-9FBA-7CB5AD5D2518}.AppStore|iPhoneSimulator.ActiveCfg = Release|Any CPU
		{B445DF73-AC9E-4276-9FBA-7CB5AD5D2518}.AppStore|iPhoneSimulator.Build.0 = Release|Any CPU
		{B445DF73-AC9E-4276-9FBA-7CB5AD5D2518}.AppStore|x64.ActiveCfg = Release|Any CPU
		{B445DF73-AC9E-4276-9FBA-7CB5AD5D2518}.AppStore|x64.Build.0 = Release|Any CPU
		{B445DF73-AC9E-4276-9FBA-7CB5AD5D2518}.AppStore|x86.ActiveCfg = Release|Any CPU
		{B445DF73-AC9E-4276-9FBA-7CB5AD5D2518}.AppStore|x86.Build.0 = Release|Any CPU
		{B445DF73-AC9E-4276-9FBA-7CB5AD5D2518}.Debug|Any CPU.ActiveCfg = Debug|Any CPU
		{B445DF73-AC9E-4276-9FBA-7CB5AD5D2518}.Debug|Any CPU.Build.0 = Debug|Any CPU
		{B445DF73-AC9E-4276-9FBA-7CB5AD5D2518}.Debug|ARM.ActiveCfg = Debug|Any CPU
		{B445DF73-AC9E-4276-9FBA-7CB5AD5D2518}.Debug|ARM.Build.0 = Debug|Any CPU
		{B445DF73-AC9E-4276-9FBA-7CB5AD5D2518}.Debug|iPhone.ActiveCfg = Debug|Any CPU
		{B445DF73-AC9E-4276-9FBA-7CB5AD5D2518}.Debug|iPhone.Build.0 = Debug|Any CPU
		{B445DF73-AC9E-4276-9FBA-7CB5AD5D2518}.Debug|iPhoneSimulator.ActiveCfg = Debug|Any CPU
		{B445DF73-AC9E-4276-9FBA-7CB5AD5D2518}.Debug|iPhoneSimulator.Build.0 = Debug|Any CPU
		{B445DF73-AC9E-4276-9FBA-7CB5AD5D2518}.Debug|x64.ActiveCfg = Debug|Any CPU
		{B445DF73-AC9E-4276-9FBA-7CB5AD5D2518}.Debug|x64.Build.0 = Debug|Any CPU
		{B445DF73-AC9E-4276-9FBA-7CB5AD5D2518}.Debug|x86.ActiveCfg = Debug|Any CPU
		{B445DF73-AC9E-4276-9FBA-7CB5AD5D2518}.Debug|x86.Build.0 = Debug|Any CPU
		{B445DF73-AC9E-4276-9FBA-7CB5AD5D2518}.Release|Any CPU.ActiveCfg = Release|Any CPU
		{B445DF73-AC9E-4276-9FBA-7CB5AD5D2518}.Release|Any CPU.Build.0 = Release|Any CPU
		{B445DF73-AC9E-4276-9FBA-7CB5AD5D2518}.Release|ARM.ActiveCfg = Release|Any CPU
		{B445DF73-AC9E-4276-9FBA-7CB5AD5D2518}.Release|ARM.Build.0 = Release|Any CPU
		{B445DF73-AC9E-4276-9FBA-7CB5AD5D2518}.Release|iPhone.ActiveCfg = Release|Any CPU
		{B445DF73-AC9E-4276-9FBA-7CB5AD5D2518}.Release|iPhone.Build.0 = Release|Any CPU
		{B445DF73-AC9E-4276-9FBA-7CB5AD5D2518}.Release|iPhoneSimulator.ActiveCfg = Release|Any CPU
		{B445DF73-AC9E-4276-9FBA-7CB5AD5D2518}.Release|iPhoneSimulator.Build.0 = Release|Any CPU
		{B445DF73-AC9E-4276-9FBA-7CB5AD5D2518}.Release|x64.ActiveCfg = Release|Any CPU
		{B445DF73-AC9E-4276-9FBA-7CB5AD5D2518}.Release|x64.Build.0 = Release|Any CPU
		{B445DF73-AC9E-4276-9FBA-7CB5AD5D2518}.Release|x86.ActiveCfg = Release|Any CPU
		{B445DF73-AC9E-4276-9FBA-7CB5AD5D2518}.Release|x86.Build.0 = Release|Any CPU
	EndGlobalSection
	GlobalSection(SolutionProperties) = preSolution
		HideSolutionNode = FALSE
	EndGlobalSection
	GlobalSection(ExtensibilityGlobals) = postSolution
		SolutionGuid = {F6D05029-56B8-4E45-AF2D-0E76295DDBA2}
	EndGlobalSection
EndGlobal
