
Microsoft Visual Studio Solution File, Format Version 12.00
# Visual Studio 15
VisualStudioVersion = 15.0.27130.2010
MinimumVisualStudioVersion = 10.0.40219.1
Project("{D954291E-2A0B-460D-934E-DC6B0785DB48}") = "DeafCommOar", "DeafCommOar\DeafCommOar\DeafCommOar.shproj", "{F721C885-0298-4D71-B849-80968A0319F3}"
EndProject
Project("{FAE04EC0-301F-11D3-BF4B-00C04F79EFBC}") = "DeafCommOar.Droid", "Droid\DeafCommOar.Droid.csproj", "{0A9E8633-7059-41F4-BACD-35C6F2382CB6}"
EndProject
Project("{FAE04EC0-301F-11D3-BF4B-00C04F79EFBC}") = "DeafCommOar.iOS", "iOS\DeafCommOar.iOS.csproj", "{88199A3E-A9A5-45CF-94B8-7CE6790AE416}"
EndProject
Global
	GlobalSection(SharedMSBuildProjectFiles) = preSolution
		DeafCommOar\DeafCommOar\DeafCommOar.projitems*{f721c885-0298-4d71-b849-80968a0319f3}*SharedItemsImports = 13
	EndGlobalSection
	GlobalSection(SolutionConfigurationPlatforms) = preSolution
		Ad-Hoc|Any CPU = Ad-Hoc|Any CPU
		Ad-Hoc|ARM = Ad-Hoc|ARM
		Ad-Hoc|iPhone = Ad-Hoc|iPhone
		Ad-Hoc|iPhoneSimulator = Ad-Hoc|iPhoneSimulator
		Ad-Hoc|x64 = Ad-Hoc|x64
		Ad-Hoc|x86 = Ad-Hoc|x86
		AppStore|Any CPU = AppStore|Any CPU
		AppStore|ARM = AppStore|ARM
		AppStore|iPhone = AppStore|iPhone
		AppStore|iPhoneSimulator = AppStore|iPhoneSimulator
		AppStore|x64 = AppStore|x64
		AppStore|x86 = AppStore|x86
		Debug|Any CPU = Debug|Any CPU
		Debug|ARM = Debug|ARM
		Debug|iPhone = Debug|iPhone
		Debug|iPhoneSimulator = Debug|iPhoneSimulator
		Debug|x64 = Debug|x64
		Debug|x86 = Debug|x86
		Release|Any CPU = Release|Any CPU
		Release|ARM = Release|ARM
		Release|iPhone = Release|iPhone
		Release|iPhoneSimulator = Release|iPhoneSimulator
		Release|x64 = Release|x64
		Release|x86 = Release|x86
	EndGlobalSection
	GlobalSection(ProjectConfigurationPlatforms) = postSolution
		{0A9E8633-7059-41F4-BACD-35C6F2382CB6}.Ad-Hoc|Any CPU.ActiveCfg = Release|Any CPU
		{0A9E8633-7059-41F4-BACD-35C6F2382CB6}.Ad-Hoc|Any CPU.Build.0 = Release|Any CPU
		{0A9E8633-7059-41F4-BACD-35C6F2382CB6}.Ad-Hoc|Any CPU.Deploy.0 = Release|Any CPU
		{0A9E8633-7059-41F4-BACD-35C6F2382CB6}.Ad-Hoc|ARM.ActiveCfg = Release|Any CPU
		{0A9E8633-7059-41F4-BACD-35C6F2382CB6}.Ad-Hoc|ARM.Build.0 = Release|Any CPU
		{0A9E8633-7059-41F4-BACD-35C6F2382CB6}.Ad-Hoc|ARM.Deploy.0 = Release|Any CPU
		{0A9E8633-7059-41F4-BACD-35C6F2382CB6}.Ad-Hoc|iPhone.ActiveCfg = Release|Any CPU
		{0A9E8633-7059-41F4-BACD-35C6F2382CB6}.Ad-Hoc|iPhone.Build.0 = Release|Any CPU
		{0A9E8633-7059-41F4-BACD-35C6F2382CB6}.Ad-Hoc|iPhone.Deploy.0 = Release|Any CPU
		{0A9E8633-7059-41F4-BACD-35C6F2382CB6}.Ad-Hoc|iPhoneSimulator.ActiveCfg = Release|Any CPU
		{0A9E8633-7059-41F4-BACD-35C6F2382CB6}.Ad-Hoc|iPhoneSimulator.Build.0 = Release|Any CPU
		{0A9E8633-7059-41F4-BACD-35C6F2382CB6}.Ad-Hoc|iPhoneSimulator.Deploy.0 = Release|Any CPU
		{0A9E8633-7059-41F4-BACD-35C6F2382CB6}.Ad-Hoc|x64.ActiveCfg = Release|Any CPU
		{0A9E8633-7059-41F4-BACD-35C6F2382CB6}.Ad-Hoc|x64.Build.0 = Release|Any CPU
		{0A9E8633-7059-41F4-BACD-35C6F2382CB6}.Ad-Hoc|x64.Deploy.0 = Release|Any CPU
		{0A9E8633-7059-41F4-BACD-35C6F2382CB6}.Ad-Hoc|x86.ActiveCfg = Release|Any CPU
		{0A9E8633-7059-41F4-BACD-35C6F2382CB6}.Ad-Hoc|x86.Build.0 = Release|Any CPU
		{0A9E8633-7059-41F4-BACD-35C6F2382CB6}.Ad-Hoc|x86.Deploy.0 = Release|Any CPU
		{0A9E8633-7059-41F4-BACD-35C6F2382CB6}.AppStore|Any CPU.ActiveCfg = Release|Any CPU
		{0A9E8633-7059-41F4-BACD-35C6F2382CB6}.AppStore|Any CPU.Build.0 = Release|Any CPU
		{0A9E8633-7059-41F4-BACD-35C6F2382CB6}.AppStore|Any CPU.Deploy.0 = Release|Any CPU
		{0A9E8633-7059-41F4-BACD-35C6F2382CB6}.AppStore|ARM.ActiveCfg = Release|Any CPU
		{0A9E8633-7059-41F4-BACD-35C6F2382CB6}.AppStore|ARM.Build.0 = Release|Any CPU
		{0A9E8633-7059-41F4-BACD-35C6F2382CB6}.AppStore|ARM.Deploy.0 = Release|Any CPU
		{0A9E8633-7059-41F4-BACD-35C6F2382CB6}.AppStore|iPhone.ActiveCfg = Release|Any CPU
		{0A9E8633-7059-41F4-BACD-35C6F2382CB6}.AppStore|iPhone.Build.0 = Release|Any CPU
		{0A9E8633-7059-41F4-BACD-35C6F2382CB6}.AppStore|iPhone.Deploy.0 = Release|Any CPU
		{0A9E8633-7059-41F4-BACD-35C6F2382CB6}.AppStore|iPhoneSimulator.ActiveCfg = Release|Any CPU
		{0A9E8633-7059-41F4-BACD-35C6F2382CB6}.AppStore|iPhoneSimulator.Build.0 = Release|Any CPU
		{0A9E8633-7059-41F4-BACD-35C6F2382CB6}.AppStore|iPhoneSimulator.Deploy.0 = Release|Any CPU
		{0A9E8633-7059-41F4-BACD-35C6F2382CB6}.AppStore|x64.ActiveCfg = Release|Any CPU
		{0A9E8633-7059-41F4-BACD-35C6F2382CB6}.AppStore|x64.Build.0 = Release|Any CPU
		{0A9E8633-7059-41F4-BACD-35C6F2382CB6}.AppStore|x64.Deploy.0 = Release|Any CPU
		{0A9E8633-7059-41F4-BACD-35C6F2382CB6}.AppStore|x86.ActiveCfg = Release|Any CPU
		{0A9E8633-7059-41F4-BACD-35C6F2382CB6}.AppStore|x86.Build.0 = Release|Any CPU
		{0A9E8633-7059-41F4-BACD-35C6F2382CB6}.AppStore|x86.Deploy.0 = Release|Any CPU
		{0A9E8633-7059-41F4-BACD-35C6F2382CB6}.Debug|Any CPU.ActiveCfg = Debug|Any CPU
		{0A9E8633-7059-41F4-BACD-35C6F2382CB6}.Debug|Any CPU.Build.0 = Debug|Any CPU
		{0A9E8633-7059-41F4-BACD-35C6F2382CB6}.Debug|Any CPU.Deploy.0 = Debug|Any CPU
		{0A9E8633-7059-41F4-BACD-35C6F2382CB6}.Debug|ARM.ActiveCfg = Debug|Any CPU
		{0A9E8633-7059-41F4-BACD-35C6F2382CB6}.Debug|ARM.Build.0 = Debug|Any CPU
		{0A9E8633-7059-41F4-BACD-35C6F2382CB6}.Debug|ARM.Deploy.0 = Debug|Any CPU
		{0A9E8633-7059-41F4-BACD-35C6F2382CB6}.Debug|iPhone.ActiveCfg = Debug|Any CPU
		{0A9E8633-7059-41F4-BACD-35C6F2382CB6}.Debug|iPhone.Build.0 = Debug|Any CPU
		{0A9E8633-7059-41F4-BACD-35C6F2382CB6}.Debug|iPhone.Deploy.0 = Debug|Any CPU
		{0A9E8633-7059-41F4-BACD-35C6F2382CB6}.Debug|iPhoneSimulator.ActiveCfg = Debug|Any CPU
		{0A9E8633-7059-41F4-BACD-35C6F2382CB6}.Debug|iPhoneSimulator.Build.0 = Debug|Any CPU
		{0A9E8633-7059-41F4-BACD-35C6F2382CB6}.Debug|iPhoneSimulator.Deploy.0 = Debug|Any CPU
		{0A9E8633-7059-41F4-BACD-35C6F2382CB6}.Debug|x64.ActiveCfg = Debug|Any CPU
		{0A9E8633-7059-41F4-BACD-35C6F2382CB6}.Debug|x64.Build.0 = Debug|Any CPU
		{0A9E8633-7059-41F4-BACD-35C6F2382CB6}.Debug|x64.Deploy.0 = Debug|Any CPU
		{0A9E8633-7059-41F4-BACD-35C6F2382CB6}.Debug|x86.ActiveCfg = Debug|Any CPU
		{0A9E8633-7059-41F4-BACD-35C6F2382CB6}.Debug|x86.Build.0 = Debug|Any CPU
		{0A9E8633-7059-41F4-BACD-35C6F2382CB6}.Debug|x86.Deploy.0 = Debug|Any CPU
		{0A9E8633-7059-41F4-BACD-35C6F2382CB6}.Release|Any CPU.ActiveCfg = Release|Any CPU
		{0A9E8633-7059-41F4-BACD-35C6F2382CB6}.Release|Any CPU.Build.0 = Release|Any CPU
		{0A9E8633-7059-41F4-BACD-35C6F2382CB6}.Release|Any CPU.Deploy.0 = Release|Any CPU
		{0A9E8633-7059-41F4-BACD-35C6F2382CB6}.Release|ARM.ActiveCfg = Release|Any CPU
		{0A9E8633-7059-41F4-BACD-35C6F2382CB6}.Release|ARM.Build.0 = Release|Any CPU
		{0A9E8633-7059-41F4-BACD-35C6F2382CB6}.Release|ARM.Deploy.0 = Release|Any CPU
		{0A9E8633-7059-41F4-BACD-35C6F2382CB6}.Release|iPhone.ActiveCfg = Release|Any CPU
		{0A9E8633-7059-41F4-BACD-35C6F2382CB6}.Release|iPhone.Build.0 = Release|Any CPU
		{0A9E8633-7059-41F4-BACD-35C6F2382CB6}.Release|iPhone.Deploy.0 = Release|Any CPU
		{0A9E8633-7059-41F4-BACD-35C6F2382CB6}.Release|iPhoneSimulator.ActiveCfg = Release|Any CPU
		{0A9E8633-7059-41F4-BACD-35C6F2382CB6}.Release|iPhoneSimulator.Build.0 = Release|Any CPU
		{0A9E8633-7059-41F4-BACD-35C6F2382CB6}.Release|iPhoneSimulator.Deploy.0 = Release|Any CPU
		{0A9E8633-7059-41F4-BACD-35C6F2382CB6}.Release|x64.ActiveCfg = Release|Any CPU
		{0A9E8633-7059-41F4-BACD-35C6F2382CB6}.Release|x64.Build.0 = Release|Any CPU
		{0A9E8633-7059-41F4-BACD-35C6F2382CB6}.Release|x64.Deploy.0 = Release|Any CPU
		{0A9E8633-7059-41F4-BACD-35C6F2382CB6}.Release|x86.ActiveCfg = Release|Any CPU
		{0A9E8633-7059-41F4-BACD-35C6F2382CB6}.Release|x86.Build.0 = Release|Any CPU
		{0A9E8633-7059-41F4-BACD-35C6F2382CB6}.Release|x86.Deploy.0 = Release|Any CPU
		{88199A3E-A9A5-45CF-94B8-7CE6790AE416}.Ad-Hoc|Any CPU.ActiveCfg = Release|iPhone
		{88199A3E-A9A5-45CF-94B8-7CE6790AE416}.Ad-Hoc|Any CPU.Build.0 = Release|iPhone
		{88199A3E-A9A5-45CF-94B8-7CE6790AE416}.Ad-Hoc|ARM.ActiveCfg = Release|iPhone
		{88199A3E-A9A5-45CF-94B8-7CE6790AE416}.Ad-Hoc|ARM.Build.0 = Release|iPhone
		{88199A3E-A9A5-45CF-94B8-7CE6790AE416}.Ad-Hoc|iPhone.ActiveCfg = Release|iPhone
		{88199A3E-A9A5-45CF-94B8-7CE6790AE416}.Ad-Hoc|iPhone.Build.0 = Release|iPhone
		{88199A3E-A9A5-45CF-94B8-7CE6790AE416}.Ad-Hoc|iPhoneSimulator.ActiveCfg = Release|iPhoneSimulator
		{88199A3E-A9A5-45CF-94B8-7CE6790AE416}.Ad-Hoc|iPhoneSimulator.Build.0 = Release|iPhoneSimulator
		{88199A3E-A9A5-45CF-94B8-7CE6790AE416}.Ad-Hoc|x64.ActiveCfg = Release|iPhone
		{88199A3E-A9A5-45CF-94B8-7CE6790AE416}.Ad-Hoc|x64.Build.0 = Release|iPhone
		{88199A3E-A9A5-45CF-94B8-7CE6790AE416}.Ad-Hoc|x86.ActiveCfg = Release|iPhone
		{88199A3E-A9A5-45CF-94B8-7CE6790AE416}.Ad-Hoc|x86.Build.0 = Release|iPhone
		{88199A3E-A9A5-45CF-94B8-7CE6790AE416}.AppStore|Any CPU.ActiveCfg = Release|iPhone
		{88199A3E-A9A5-45CF-94B8-7CE6790AE416}.AppStore|Any CPU.Build.0 = Release|iPhone
		{88199A3E-A9A5-45CF-94B8-7CE6790AE416}.AppStore|ARM.ActiveCfg = Release|iPhone
		{88199A3E-A9A5-45CF-94B8-7CE6790AE416}.AppStore|ARM.Build.0 = Release|iPhone
		{88199A3E-A9A5-45CF-94B8-7CE6790AE416}.AppStore|iPhone.ActiveCfg = Release|iPhone
		{88199A3E-A9A5-45CF-94B8-7CE6790AE416}.AppStore|iPhone.Build.0 = Release|iPhone
		{88199A3E-A9A5-45CF-94B8-7CE6790AE416}.AppStore|iPhoneSimulator.ActiveCfg = Release|iPhoneSimulator
		{88199A3E-A9A5-45CF-94B8-7CE6790AE416}.AppStore|iPhoneSimulator.Build.0 = Release|iPhoneSimulator
		{88199A3E-A9A5-45CF-94B8-7CE6790AE416}.AppStore|x64.ActiveCfg = Release|iPhone
		{88199A3E-A9A5-45CF-94B8-7CE6790AE416}.AppStore|x64.Build.0 = Release|iPhone
		{88199A3E-A9A5-45CF-94B8-7CE6790AE416}.AppStore|x86.ActiveCfg = Release|iPhone
		{88199A3E-A9A5-45CF-94B8-7CE6790AE416}.AppStore|x86.Build.0 = Release|iPhone
		{88199A3E-A9A5-45CF-94B8-7CE6790AE416}.Debug|Any CPU.ActiveCfg = Debug|iPhone
		{88199A3E-A9A5-45CF-94B8-7CE6790AE416}.Debug|ARM.ActiveCfg = Debug|iPhone
		{88199A3E-A9A5-45CF-94B8-7CE6790AE416}.Debug|iPhone.ActiveCfg = Debug|iPhone
		{88199A3E-A9A5-45CF-94B8-7CE6790AE416}.Debug|iPhone.Build.0 = Debug|iPhone
		{88199A3E-A9A5-45CF-94B8-7CE6790AE416}.Debug|iPhoneSimulator.ActiveCfg = Debug|iPhoneSimulator
		{88199A3E-A9A5-45CF-94B8-7CE6790AE416}.Debug|iPhoneSimulator.Build.0 = Debug|iPhoneSimulator
		{88199A3E-A9A5-45CF-94B8-7CE6790AE416}.Debug|x64.ActiveCfg = Debug|iPhone
		{88199A3E-A9A5-45CF-94B8-7CE6790AE416}.Debug|x86.ActiveCfg = Debug|iPhone
		{88199A3E-A9A5-45CF-94B8-7CE6790AE416}.Release|Any CPU.ActiveCfg = Release|iPhone
		{88199A3E-A9A5-45CF-94B8-7CE6790AE416}.Release|ARM.ActiveCfg = Release|iPhone
		{88199A3E-A9A5-45CF-94B8-7CE6790AE416}.Release|iPhone.ActiveCfg = Release|iPhone
		{88199A3E-A9A5-45CF-94B8-7CE6790AE416}.Release|iPhone.Build.0 = Release|iPhone
		{88199A3E-A9A5-45CF-94B8-7CE6790AE416}.Release|iPhoneSimulator.ActiveCfg = Release|iPhoneSimulator
		{88199A3E-A9A5-45CF-94B8-7CE6790AE416}.Release|iPhoneSimulator.Build.0 = Release|iPhoneSimulator
		{88199A3E-A9A5-45CF-94B8-7CE6790AE416}.Release|x64.ActiveCfg = Release|iPhone
		{88199A3E-A9A5-45CF-94B8-7CE6790AE416}.Release|x86.ActiveCfg = Release|iPhone
	EndGlobalSection
	GlobalSection(SolutionProperties) = preSolution
		HideSolutionNode = FALSE
	EndGlobalSection
	GlobalSection(ExtensibilityGlobals) = postSolution
		SolutionGuid = {F6D05029-56B8-4E45-AF2D-0E76295DDBA2}
	EndGlobalSection
EndGlobal
